
Microsoft Visual Studio Solution File, Format Version 12.00
# Visual Studio Version 17
VisualStudioVersion = 17.13.35931.197 d17.13
MinimumVisualStudioVersion = 10.0.40219.1
Project("{888888A0-9F3D-457C-B088-3A5042F75D52}") = "DefenderDataTimeEntry", "DefenderDataTimeEntry.pyproj", "{A0C246E1-99DD-4FB8-BF86-2AF39C8453B1}"
EndProject
Global
	GlobalSection(SolutionConfigurationPlatforms) = preSolution
		Debug|Any CPU = Debug|Any CPU
		Release|Any CPU = Release|Any CPU
	EndGlobalSection
	GlobalSection(ProjectConfigurationPlatforms) = postSolution
		{A0C246E1-99DD-4FB8-BF86-2AF39C8453B1}.Debug|Any CPU.ActiveCfg = Debug|Any CPU
		{A0C246E1-99DD-4FB8-BF86-2AF39C8453B1}.Release|Any CPU.ActiveCfg = Release|Any CPU
	EndGlobalSection
	GlobalSection(SolutionProperties) = preSolution
		HideSolutionNode = FALSE
	EndGlobalSection
	GlobalSection(ExtensibilityGlobals) = postSolution
		SolutionGuid = {3A7B3043-84D2-4480-8356-02D78D27A1E7}
	EndGlobalSection
EndGlobal
